// !$*UTF8*$!
{
	archiveVersion = 1;
	classes = {
	};
	objectVersion = 55;
	objects = {

/* Begin PBXBuildFile section */
		64386B43271766D00060DE55 /* CommentCell.swift in Sources */ = {isa = PBXBuildFile; fileRef = 64386B42271766D00060DE55 /* CommentCell.swift */; };
		64B74516270AA5FE0021AC86 /* AppDelegate.swift in Sources */ = {isa = PBXBuildFile; fileRef = 64B74515270AA5FE0021AC86 /* AppDelegate.swift */; };
		64B74518270AA5FE0021AC86 /* SceneDelegate.swift in Sources */ = {isa = PBXBuildFile; fileRef = 64B74517270AA5FE0021AC86 /* SceneDelegate.swift */; };
		64B7451D270AA5FE0021AC86 /* Main.storyboard in Resources */ = {isa = PBXBuildFile; fileRef = 64B7451B270AA5FE0021AC86 /* Main.storyboard */; };
		64B7451F270AA6010021AC86 /* Assets.xcassets in Resources */ = {isa = PBXBuildFile; fileRef = 64B7451E270AA6010021AC86 /* Assets.xcassets */; };
		64B74522270AA6010021AC86 /* LaunchScreen.storyboard in Resources */ = {isa = PBXBuildFile; fileRef = 64B74520270AA6010021AC86 /* LaunchScreen.storyboard */; };
		64B7452D270AA6010021AC86 /* PathtagramTests.swift in Sources */ = {isa = PBXBuildFile; fileRef = 64B7452C270AA6010021AC86 /* PathtagramTests.swift */; };
		64B74537270AA6010021AC86 /* PathtagramUITests.swift in Sources */ = {isa = PBXBuildFile; fileRef = 64B74536270AA6010021AC86 /* PathtagramUITests.swift */; };
		64B74539270AA6010021AC86 /* PathtagramUITestsLaunchTests.swift in Sources */ = {isa = PBXBuildFile; fileRef = 64B74538270AA6010021AC86 /* PathtagramUITestsLaunchTests.swift */; };
		64B74546270AB7350021AC86 /* LoginViewController.swift in Sources */ = {isa = PBXBuildFile; fileRef = 64B74545270AB7350021AC86 /* LoginViewController.swift */; };
		64B74548270AB7400021AC86 /* FeedViewController.swift in Sources */ = {isa = PBXBuildFile; fileRef = 64B74547270AB7400021AC86 /* FeedViewController.swift */; };
		64B7454A270ADCA70021AC86 /* CameraViewController.swift in Sources */ = {isa = PBXBuildFile; fileRef = 64B74549270ADCA70021AC86 /* CameraViewController.swift */; };
		64B7454C270AE3B00021AC86 /* instagram_assets in Resources */ = {isa = PBXBuildFile; fileRef = 64B7454B270AE3B00021AC86 /* instagram_assets */; };
		64B7454E270AF27D0021AC86 /* PostCell.swift in Sources */ = {isa = PBXBuildFile; fileRef = 64B7454D270AF27D0021AC86 /* PostCell.swift */; };
		9C888A784D2213F4F178DA88 /* Pods_Pathtagram.framework in Frameworks */ = {isa = PBXBuildFile; fileRef = 1F5F12E64151B50A3B86B997 /* Pods_Pathtagram.framework */; };
		9E44EE8167A782C2A3A6929A /* Pods_PathtagramTests.framework in Frameworks */ = {isa = PBXBuildFile; fileRef = 64FD017007E2738CA2406DE3 /* Pods_PathtagramTests.framework */; };
		A57442F5CA4279B4184E52F7 /* Pods_Pathtagram_PathtagramUITests.framework in Frameworks */ = {isa = PBXBuildFile; fileRef = 8D3C0FFCF498D3010B7B46E2 /* Pods_Pathtagram_PathtagramUITests.framework */; };
/* End PBXBuildFile section */

/* Begin PBXContainerItemProxy section */
		64B74529270AA6010021AC86 /* PBXContainerItemProxy */ = {
			isa = PBXContainerItemProxy;
			containerPortal = 64B7450A270AA5FE0021AC86 /* Project object */;
			proxyType = 1;
			remoteGlobalIDString = 64B74511270AA5FE0021AC86;
			remoteInfo = Pathtagram;
		};
		64B74533270AA6010021AC86 /* PBXContainerItemProxy */ = {
			isa = PBXContainerItemProxy;
			containerPortal = 64B7450A270AA5FE0021AC86 /* Project object */;
			proxyType = 1;
			remoteGlobalIDString = 64B74511270AA5FE0021AC86;
			remoteInfo = Pathtagram;
		};
/* End PBXContainerItemProxy section */

/* Begin PBXFileReference section */
		0A5D158D10DFD9AF60A85047 /* Pods-Pathtagram-PathtagramUITests.debug.xcconfig */ = {isa = PBXFileReference; includeInIndex = 1; lastKnownFileType = text.xcconfig; name = "Pods-Pathtagram-PathtagramUITests.debug.xcconfig"; path = "Target Support Files/Pods-Pathtagram-PathtagramUITests/Pods-Pathtagram-PathtagramUITests.debug.xcconfig"; sourceTree = "<group>"; };
		1F5F12E64151B50A3B86B997 /* Pods_Pathtagram.framework */ = {isa = PBXFileReference; explicitFileType = wrapper.framework; includeInIndex = 0; path = Pods_Pathtagram.framework; sourceTree = BUILT_PRODUCTS_DIR; };
		3578DF296E6B9FB001DF7513 /* Pods-PathtagramTests.release.xcconfig */ = {isa = PBXFileReference; includeInIndex = 1; lastKnownFileType = text.xcconfig; name = "Pods-PathtagramTests.release.xcconfig"; path = "Target Support Files/Pods-PathtagramTests/Pods-PathtagramTests.release.xcconfig"; sourceTree = "<group>"; };
		640788460D08FDEEB2C1E059 /* Pods-Pathtagram.release.xcconfig */ = {isa = PBXFileReference; includeInIndex = 1; lastKnownFileType = text.xcconfig; name = "Pods-Pathtagram.release.xcconfig"; path = "Target Support Files/Pods-Pathtagram/Pods-Pathtagram.release.xcconfig"; sourceTree = "<group>"; };
		64386B42271766D00060DE55 /* CommentCell.swift */ = {isa = PBXFileReference; lastKnownFileType = sourcecode.swift; path = CommentCell.swift; sourceTree = "<group>"; };
		64B74512270AA5FE0021AC86 /* Pathtagram.app */ = {isa = PBXFileReference; explicitFileType = wrapper.application; includeInIndex = 0; path = Pathtagram.app; sourceTree = BUILT_PRODUCTS_DIR; };
		64B74515270AA5FE0021AC86 /* AppDelegate.swift */ = {isa = PBXFileReference; lastKnownFileType = sourcecode.swift; path = AppDelegate.swift; sourceTree = "<group>"; };
		64B74517270AA5FE0021AC86 /* SceneDelegate.swift */ = {isa = PBXFileReference; lastKnownFileType = sourcecode.swift; path = SceneDelegate.swift; sourceTree = "<group>"; };
		64B7451C270AA5FE0021AC86 /* Base */ = {isa = PBXFileReference; lastKnownFileType = file.storyboard; name = Base; path = Base.lproj/Main.storyboard; sourceTree = "<group>"; };
		64B7451E270AA6010021AC86 /* Assets.xcassets */ = {isa = PBXFileReference; lastKnownFileType = folder.assetcatalog; path = Assets.xcassets; sourceTree = "<group>"; };
		64B74521270AA6010021AC86 /* Base */ = {isa = PBXFileReference; lastKnownFileType = file.storyboard; name = Base; path = Base.lproj/LaunchScreen.storyboard; sourceTree = "<group>"; };
		64B74523270AA6010021AC86 /* Info.plist */ = {isa = PBXFileReference; lastKnownFileType = text.plist.xml; path = Info.plist; sourceTree = "<group>"; };
		64B74528270AA6010021AC86 /* PathtagramTests.xctest */ = {isa = PBXFileReference; explicitFileType = wrapper.cfbundle; includeInIndex = 0; path = PathtagramTests.xctest; sourceTree = BUILT_PRODUCTS_DIR; };
		64B7452C270AA6010021AC86 /* PathtagramTests.swift */ = {isa = PBXFileReference; lastKnownFileType = sourcecode.swift; path = PathtagramTests.swift; sourceTree = "<group>"; };
		64B74532270AA6010021AC86 /* PathtagramUITests.xctest */ = {isa = PBXFileReference; explicitFileType = wrapper.cfbundle; includeInIndex = 0; path = PathtagramUITests.xctest; sourceTree = BUILT_PRODUCTS_DIR; };
		64B74536270AA6010021AC86 /* PathtagramUITests.swift */ = {isa = PBXFileReference; lastKnownFileType = sourcecode.swift; path = PathtagramUITests.swift; sourceTree = "<group>"; };
		64B74538270AA6010021AC86 /* PathtagramUITestsLaunchTests.swift */ = {isa = PBXFileReference; lastKnownFileType = sourcecode.swift; path = PathtagramUITestsLaunchTests.swift; sourceTree = "<group>"; };
		64B74545270AB7350021AC86 /* LoginViewController.swift */ = {isa = PBXFileReference; lastKnownFileType = sourcecode.swift; path = LoginViewController.swift; sourceTree = "<group>"; };
		64B74547270AB7400021AC86 /* FeedViewController.swift */ = {isa = PBXFileReference; lastKnownFileType = sourcecode.swift; path = FeedViewController.swift; sourceTree = "<group>"; };
		64B74549270ADCA70021AC86 /* CameraViewController.swift */ = {isa = PBXFileReference; lastKnownFileType = sourcecode.swift; path = CameraViewController.swift; sourceTree = "<group>"; };
		64B7454B270AE3B00021AC86 /* instagram_assets */ = {isa = PBXFileReference; lastKnownFileType = folder; name = instagram_assets; path = ../../../Downloads/instagram_assets; sourceTree = "<group>"; };
		64B7454D270AF27D0021AC86 /* PostCell.swift */ = {isa = PBXFileReference; lastKnownFileType = sourcecode.swift; path = PostCell.swift; sourceTree = "<group>"; };
		64FD017007E2738CA2406DE3 /* Pods_PathtagramTests.framework */ = {isa = PBXFileReference; explicitFileType = wrapper.framework; includeInIndex = 0; path = Pods_PathtagramTests.framework; sourceTree = BUILT_PRODUCTS_DIR; };
		69DF090669A0B4F02409A172 /* Pods-PathtagramTests.debug.xcconfig */ = {isa = PBXFileReference; includeInIndex = 1; lastKnownFileType = text.xcconfig; name = "Pods-PathtagramTests.debug.xcconfig"; path = "Target Support Files/Pods-PathtagramTests/Pods-PathtagramTests.debug.xcconfig"; sourceTree = "<group>"; };
		8D3C0FFCF498D3010B7B46E2 /* Pods_Pathtagram_PathtagramUITests.framework */ = {isa = PBXFileReference; explicitFileType = wrapper.framework; includeInIndex = 0; path = Pods_Pathtagram_PathtagramUITests.framework; sourceTree = BUILT_PRODUCTS_DIR; };
		D76D20A513E2FB5A2755970B /* Pods-Pathtagram.debug.xcconfig */ = {isa = PBXFileReference; includeInIndex = 1; lastKnownFileType = text.xcconfig; name = "Pods-Pathtagram.debug.xcconfig"; path = "Target Support Files/Pods-Pathtagram/Pods-Pathtagram.debug.xcconfig"; sourceTree = "<group>"; };
		EB0ABDF31A94869CA943720B /* Pods-Pathtagram-PathtagramUITests.release.xcconfig */ = {isa = PBXFileReference; includeInIndex = 1; lastKnownFileType = text.xcconfig; name = "Pods-Pathtagram-PathtagramUITests.release.xcconfig"; path = "Target Support Files/Pods-Pathtagram-PathtagramUITests/Pods-Pathtagram-PathtagramUITests.release.xcconfig"; sourceTree = "<group>"; };
/* End PBXFileReference section */

/* Begin PBXFrameworksBuildPhase section */
		64B7450F270AA5FE0021AC86 /* Frameworks */ = {
			isa = PBXFrameworksBuildPhase;
			buildActionMask = 2147483647;
			files = (
				9C888A784D2213F4F178DA88 /* Pods_Pathtagram.framework in Frameworks */,
			);
			runOnlyForDeploymentPostprocessing = 0;
		};
		64B74525270AA6010021AC86 /* Frameworks */ = {
			isa = PBXFrameworksBuildPhase;
			buildActionMask = 2147483647;
			files = (
				9E44EE8167A782C2A3A6929A /* Pods_PathtagramTests.framework in Frameworks */,
			);
			runOnlyForDeploymentPostprocessing = 0;
		};
		64B7452F270AA6010021AC86 /* Frameworks */ = {
			isa = PBXFrameworksBuildPhase;
			buildActionMask = 2147483647;
			files = (
				A57442F5CA4279B4184E52F7 /* Pods_Pathtagram_PathtagramUITests.framework in Frameworks */,
			);
			runOnlyForDeploymentPostprocessing = 0;
		};
/* End PBXFrameworksBuildPhase section */

/* Begin PBXGroup section */
		64B74509270AA5FE0021AC86 = {
			isa = PBXGroup;
			children = (
				64B74514270AA5FE0021AC86 /* Pathtagram */,
				64B7452B270AA6010021AC86 /* PathtagramTests */,
				64B74535270AA6010021AC86 /* PathtagramUITests */,
				64B74513270AA5FE0021AC86 /* Products */,
				67715F838260F17906D13793 /* Pods */,
				93060770C7708BF8115D4511 /* Frameworks */,
			);
			sourceTree = "<group>";
		};
		64B74513270AA5FE0021AC86 /* Products */ = {
			isa = PBXGroup;
			children = (
				64B74512270AA5FE0021AC86 /* Pathtagram.app */,
				64B74528270AA6010021AC86 /* PathtagramTests.xctest */,
				64B74532270AA6010021AC86 /* PathtagramUITests.xctest */,
			);
			name = Products;
			sourceTree = "<group>";
		};
		64B74514270AA5FE0021AC86 /* Pathtagram */ = {
			isa = PBXGroup;
			children = (
				64B74515270AA5FE0021AC86 /* AppDelegate.swift */,
				64B74517270AA5FE0021AC86 /* SceneDelegate.swift */,
				64B7451B270AA5FE0021AC86 /* Main.storyboard */,
				64B7451E270AA6010021AC86 /* Assets.xcassets */,
				64B7454B270AE3B00021AC86 /* instagram_assets */,
				64B74520270AA6010021AC86 /* LaunchScreen.storyboard */,
				64B74523270AA6010021AC86 /* Info.plist */,
				64B74545270AB7350021AC86 /* LoginViewController.swift */,
				64B74547270AB7400021AC86 /* FeedViewController.swift */,
				64B74549270ADCA70021AC86 /* CameraViewController.swift */,
				64B7454D270AF27D0021AC86 /* PostCell.swift */,
				64386B42271766D00060DE55 /* CommentCell.swift */,
			);
			path = Pathtagram;
			sourceTree = "<group>";
		};
		64B7452B270AA6010021AC86 /* PathtagramTests */ = {
			isa = PBXGroup;
			children = (
				64B7452C270AA6010021AC86 /* PathtagramTests.swift */,
			);
			path = PathtagramTests;
			sourceTree = "<group>";
		};
		64B74535270AA6010021AC86 /* PathtagramUITests */ = {
			isa = PBXGroup;
			children = (
				64B74536270AA6010021AC86 /* PathtagramUITests.swift */,
				64B74538270AA6010021AC86 /* PathtagramUITestsLaunchTests.swift */,
			);
			path = PathtagramUITests;
			sourceTree = "<group>";
		};
		67715F838260F17906D13793 /* Pods */ = {
			isa = PBXGroup;
			children = (
				D76D20A513E2FB5A2755970B /* Pods-Pathtagram.debug.xcconfig */,
				640788460D08FDEEB2C1E059 /* Pods-Pathtagram.release.xcconfig */,
				0A5D158D10DFD9AF60A85047 /* Pods-Pathtagram-PathtagramUITests.debug.xcconfig */,
				EB0ABDF31A94869CA943720B /* Pods-Pathtagram-PathtagramUITests.release.xcconfig */,
				69DF090669A0B4F02409A172 /* Pods-PathtagramTests.debug.xcconfig */,
				3578DF296E6B9FB001DF7513 /* Pods-PathtagramTests.release.xcconfig */,
			);
			path = Pods;
			sourceTree = "<group>";
		};
		93060770C7708BF8115D4511 /* Frameworks */ = {
			isa = PBXGroup;
			children = (
				1F5F12E64151B50A3B86B997 /* Pods_Pathtagram.framework */,
				8D3C0FFCF498D3010B7B46E2 /* Pods_Pathtagram_PathtagramUITests.framework */,
				64FD017007E2738CA2406DE3 /* Pods_PathtagramTests.framework */,
			);
			name = Frameworks;
			sourceTree = "<group>";
		};
/* End PBXGroup section */

/* Begin PBXNativeTarget section */
		64B74511270AA5FE0021AC86 /* Pathtagram */ = {
			isa = PBXNativeTarget;
			buildConfigurationList = 64B7453C270AA6010021AC86 /* Build configuration list for PBXNativeTarget "Pathtagram" */;
			buildPhases = (
				FE859B0957DD102F571E04B1 /* [CP] Check Pods Manifest.lock */,
				64B7450E270AA5FE0021AC86 /* Sources */,
				64B7450F270AA5FE0021AC86 /* Frameworks */,
				64B74510270AA5FE0021AC86 /* Resources */,
				12FF17A06AFE35D92CAB8E3F /* [CP] Embed Pods Frameworks */,
			);
			buildRules = (
			);
			dependencies = (
			);
			name = Pathtagram;
			productName = Pathtagram;
			productReference = 64B74512270AA5FE0021AC86 /* Pathtagram.app */;
			productType = "com.apple.product-type.application";
		};
		64B74527270AA6010021AC86 /* PathtagramTests */ = {
			isa = PBXNativeTarget;
			buildConfigurationList = 64B7453F270AA6010021AC86 /* Build configuration list for PBXNativeTarget "PathtagramTests" */;
			buildPhases = (
				BF102C5644541BD831FE2B5B /* [CP] Check Pods Manifest.lock */,
				64B74524270AA6010021AC86 /* Sources */,
				64B74525270AA6010021AC86 /* Frameworks */,
				64B74526270AA6010021AC86 /* Resources */,
			);
			buildRules = (
			);
			dependencies = (
				64B7452A270AA6010021AC86 /* PBXTargetDependency */,
			);
			name = PathtagramTests;
			productName = PathtagramTests;
			productReference = 64B74528270AA6010021AC86 /* PathtagramTests.xctest */;
			productType = "com.apple.product-type.bundle.unit-test";
		};
		64B74531270AA6010021AC86 /* PathtagramUITests */ = {
			isa = PBXNativeTarget;
			buildConfigurationList = 64B74542270AA6010021AC86 /* Build configuration list for PBXNativeTarget "PathtagramUITests" */;
			buildPhases = (
				5CF9F106F9908E9FA2250209 /* [CP] Check Pods Manifest.lock */,
				64B7452E270AA6010021AC86 /* Sources */,
				64B7452F270AA6010021AC86 /* Frameworks */,
				64B74530270AA6010021AC86 /* Resources */,
				70F9D6943D6DFE2286A701B3 /* [CP] Embed Pods Frameworks */,
			);
			buildRules = (
			);
			dependencies = (
				64B74534270AA6010021AC86 /* PBXTargetDependency */,
			);
			name = PathtagramUITests;
			productName = PathtagramUITests;
			productReference = 64B74532270AA6010021AC86 /* PathtagramUITests.xctest */;
			productType = "com.apple.product-type.bundle.ui-testing";
		};
/* End PBXNativeTarget section */

/* Begin PBXProject section */
		64B7450A270AA5FE0021AC86 /* Project object */ = {
			isa = PBXProject;
			attributes = {
				BuildIndependentTargetsInParallel = 1;
				LastSwiftUpdateCheck = 1300;
				LastUpgradeCheck = 1300;
				TargetAttributes = {
					64B74511270AA5FE0021AC86 = {
						CreatedOnToolsVersion = 13.0;
					};
					64B74527270AA6010021AC86 = {
						CreatedOnToolsVersion = 13.0;
						TestTargetID = 64B74511270AA5FE0021AC86;
					};
					64B74531270AA6010021AC86 = {
						CreatedOnToolsVersion = 13.0;
						TestTargetID = 64B74511270AA5FE0021AC86;
					};
				};
			};
			buildConfigurationList = 64B7450D270AA5FE0021AC86 /* Build configuration list for PBXProject "Pathtagram" */;
			compatibilityVersion = "Xcode 13.0";
			developmentRegion = en;
			hasScannedForEncodings = 0;
			knownRegions = (
				en,
				Base,
			);
			mainGroup = 64B74509270AA5FE0021AC86;
			productRefGroup = 64B74513270AA5FE0021AC86 /* Products */;
			projectDirPath = "";
			projectRoot = "";
			targets = (
				64B74511270AA5FE0021AC86 /* Pathtagram */,
				64B74527270AA6010021AC86 /* PathtagramTests */,
				64B74531270AA6010021AC86 /* PathtagramUITests */,
			);
		};
/* End PBXProject section */

/* Begin PBXResourcesBuildPhase section */
		64B74510270AA5FE0021AC86 /* Resources */ = {
			isa = PBXResourcesBuildPhase;
			buildActionMask = 2147483647;
			files = (
				64B7454C270AE3B00021AC86 /* instagram_assets in Resources */,
				64B74522270AA6010021AC86 /* LaunchScreen.storyboard in Resources */,
				64B7451F270AA6010021AC86 /* Assets.xcassets in Resources */,
				64B7451D270AA5FE0021AC86 /* Main.storyboard in Resources */,
			);
			runOnlyForDeploymentPostprocessing = 0;
		};
		64B74526270AA6010021AC86 /* Resources */ = {
			isa = PBXResourcesBuildPhase;
			buildActionMask = 2147483647;
			files = (
			);
			runOnlyForDeploymentPostprocessing = 0;
		};
		64B74530270AA6010021AC86 /* Resources */ = {
			isa = PBXResourcesBuildPhase;
			buildActionMask = 2147483647;
			files = (
			);
			runOnlyForDeploymentPostprocessing = 0;
		};
/* End PBXResourcesBuildPhase section */

/* Begin PBXShellScriptBuildPhase section */
		12FF17A06AFE35D92CAB8E3F /* [CP] Embed Pods Frameworks */ = {
			isa = PBXShellScriptBuildPhase;
			buildActionMask = 2147483647;
			files = (
			);
			inputFileListPaths = (
				"${PODS_ROOT}/Target Support Files/Pods-Pathtagram/Pods-Pathtagram-frameworks-${CONFIGURATION}-input-files.xcfilelist",
			);
			name = "[CP] Embed Pods Frameworks";
			outputFileListPaths = (
				"${PODS_ROOT}/Target Support Files/Pods-Pathtagram/Pods-Pathtagram-frameworks-${CONFIGURATION}-output-files.xcfilelist",
			);
			runOnlyForDeploymentPostprocessing = 0;
			shellPath = /bin/sh;
			shellScript = "\"${PODS_ROOT}/Target Support Files/Pods-Pathtagram/Pods-Pathtagram-frameworks.sh\"\n";
			showEnvVarsInLog = 0;
		};
		5CF9F106F9908E9FA2250209 /* [CP] Check Pods Manifest.lock */ = {
			isa = PBXShellScriptBuildPhase;
			buildActionMask = 2147483647;
			files = (
			);
			inputFileListPaths = (
			);
			inputPaths = (
				"${PODS_PODFILE_DIR_PATH}/Podfile.lock",
				"${PODS_ROOT}/Manifest.lock",
			);
			name = "[CP] Check Pods Manifest.lock";
			outputFileListPaths = (
			);
			outputPaths = (
				"$(DERIVED_FILE_DIR)/Pods-Pathtagram-PathtagramUITests-checkManifestLockResult.txt",
			);
			runOnlyForDeploymentPostprocessing = 0;
			shellPath = /bin/sh;
			shellScript = "diff \"${PODS_PODFILE_DIR_PATH}/Podfile.lock\" \"${PODS_ROOT}/Manifest.lock\" > /dev/null\nif [ $? != 0 ] ; then\n    # print error to STDERR\n    echo \"error: The sandbox is not in sync with the Podfile.lock. Run 'pod install' or update your CocoaPods installation.\" >&2\n    exit 1\nfi\n# This output is used by Xcode 'outputs' to avoid re-running this script phase.\necho \"SUCCESS\" > \"${SCRIPT_OUTPUT_FILE_0}\"\n";
			showEnvVarsInLog = 0;
		};
		70F9D6943D6DFE2286A701B3 /* [CP] Embed Pods Frameworks */ = {
			isa = PBXShellScriptBuildPhase;
			buildActionMask = 2147483647;
			files = (
			);
			inputFileListPaths = (
				"${PODS_ROOT}/Target Support Files/Pods-Pathtagram-PathtagramUITests/Pods-Pathtagram-PathtagramUITests-frameworks-${CONFIGURATION}-input-files.xcfilelist",
			);
			name = "[CP] Embed Pods Frameworks";
			outputFileListPaths = (
				"${PODS_ROOT}/Target Support Files/Pods-Pathtagram-PathtagramUITests/Pods-Pathtagram-PathtagramUITests-frameworks-${CONFIGURATION}-output-files.xcfilelist",
			);
			runOnlyForDeploymentPostprocessing = 0;
			shellPath = /bin/sh;
			shellScript = "\"${PODS_ROOT}/Target Support Files/Pods-Pathtagram-PathtagramUITests/Pods-Pathtagram-PathtagramUITests-frameworks.sh\"\n";
			showEnvVarsInLog = 0;
		};
		BF102C5644541BD831FE2B5B /* [CP] Check Pods Manifest.lock */ = {
			isa = PBXShellScriptBuildPhase;
			buildActionMask = 2147483647;
			files = (
			);
			inputFileListPaths = (
			);
			inputPaths = (
				"${PODS_PODFILE_DIR_PATH}/Podfile.lock",
				"${PODS_ROOT}/Manifest.lock",
			);
			name = "[CP] Check Pods Manifest.lock";
			outputFileListPaths = (
			);
			outputPaths = (
				"$(DERIVED_FILE_DIR)/Pods-PathtagramTests-checkManifestLockResult.txt",
			);
			runOnlyForDeploymentPostprocessing = 0;
			shellPath = /bin/sh;
			shellScript = "diff \"${PODS_PODFILE_DIR_PATH}/Podfile.lock\" \"${PODS_ROOT}/Manifest.lock\" > /dev/null\nif [ $? != 0 ] ; then\n    # print error to STDERR\n    echo \"error: The sandbox is not in sync with the Podfile.lock. Run 'pod install' or update your CocoaPods installation.\" >&2\n    exit 1\nfi\n# This output is used by Xcode 'outputs' to avoid re-running this script phase.\necho \"SUCCESS\" > \"${SCRIPT_OUTPUT_FILE_0}\"\n";
			showEnvVarsInLog = 0;
		};
		FE859B0957DD102F571E04B1 /* [CP] Check Pods Manifest.lock */ = {
			isa = PBXShellScriptBuildPhase;
			buildActionMask = 2147483647;
			files = (
			);
			inputFileListPaths = (
			);
			inputPaths = (
				"${PODS_PODFILE_DIR_PATH}/Podfile.lock",
				"${PODS_ROOT}/Manifest.lock",
			);
			name = "[CP] Check Pods Manifest.lock";
			outputFileListPaths = (
			);
			outputPaths = (
				"$(DERIVED_FILE_DIR)/Pods-Pathtagram-checkManifestLockResult.txt",
			);
			runOnlyForDeploymentPostprocessing = 0;
			shellPath = /bin/sh;
			shellScript = "diff \"${PODS_PODFILE_DIR_PATH}/Podfile.lock\" \"${PODS_ROOT}/Manifest.lock\" > /dev/null\nif [ $? != 0 ] ; then\n    # print error to STDERR\n    echo \"error: The sandbox is not in sync with the Podfile.lock. Run 'pod install' or update your CocoaPods installation.\" >&2\n    exit 1\nfi\n# This output is used by Xcode 'outputs' to avoid re-running this script phase.\necho \"SUCCESS\" > \"${SCRIPT_OUTPUT_FILE_0}\"\n";
			showEnvVarsInLog = 0;
		};
/* End PBXShellScriptBuildPhase section */

/* Begin PBXSourcesBuildPhase section */
		64B7450E270AA5FE0021AC86 /* Sources */ = {
			isa = PBXSourcesBuildPhase;
			buildActionMask = 2147483647;
			files = (
				64B74546270AB7350021AC86 /* LoginViewController.swift in Sources */,
				64B7454A270ADCA70021AC86 /* CameraViewController.swift in Sources */,
				64B74516270AA5FE0021AC86 /* AppDelegate.swift in Sources */,
				64B74548270AB7400021AC86 /* FeedViewController.swift in Sources */,
				64B74518270AA5FE0021AC86 /* SceneDelegate.swift in Sources */,
				64B7454E270AF27D0021AC86 /* PostCell.swift in Sources */,
				64386B43271766D00060DE55 /* CommentCell.swift in Sources */,
			);
			runOnlyForDeploymentPostprocessing = 0;
		};
		64B74524270AA6010021AC86 /* Sources */ = {
			isa = PBXSourcesBuildPhase;
			buildActionMask = 2147483647;
			files = (
				64B7452D270AA6010021AC86 /* PathtagramTests.swift in Sources */,
			);
			runOnlyForDeploymentPostprocessing = 0;
		};
		64B7452E270AA6010021AC86 /* Sources */ = {
			isa = PBXSourcesBuildPhase;
			buildActionMask = 2147483647;
			files = (
				64B74537270AA6010021AC86 /* PathtagramUITests.swift in Sources */,
				64B74539270AA6010021AC86 /* PathtagramUITestsLaunchTests.swift in Sources */,
			);
			runOnlyForDeploymentPostprocessing = 0;
		};
/* End PBXSourcesBuildPhase section */

/* Begin PBXTargetDependency section */
		64B7452A270AA6010021AC86 /* PBXTargetDependency */ = {
			isa = PBXTargetDependency;
			target = 64B74511270AA5FE0021AC86 /* Pathtagram */;
			targetProxy = 64B74529270AA6010021AC86 /* PBXContainerItemProxy */;
		};
		64B74534270AA6010021AC86 /* PBXTargetDependency */ = {
			isa = PBXTargetDependency;
			target = 64B74511270AA5FE0021AC86 /* Pathtagram */;
			targetProxy = 64B74533270AA6010021AC86 /* PBXContainerItemProxy */;
		};
/* End PBXTargetDependency section */

/* Begin PBXVariantGroup section */
		64B7451B270AA5FE0021AC86 /* Main.storyboard */ = {
			isa = PBXVariantGroup;
			children = (
				64B7451C270AA5FE0021AC86 /* Base */,
			);
			name = Main.storyboard;
			sourceTree = "<group>";
		};
		64B74520270AA6010021AC86 /* LaunchScreen.storyboard */ = {
			isa = PBXVariantGroup;
			children = (
				64B74521270AA6010021AC86 /* Base */,
			);
			name = LaunchScreen.storyboard;
			sourceTree = "<group>";
		};
/* End PBXVariantGroup section */

/* Begin XCBuildConfiguration section */
		64B7453A270AA6010021AC86 /* Debug */ = {
			isa = XCBuildConfiguration;
			buildSettings = {
				ALWAYS_SEARCH_USER_PATHS = NO;
				CLANG_ANALYZER_NONNULL = YES;
				CLANG_ANALYZER_NUMBER_OBJECT_CONVERSION = YES_AGGRESSIVE;
				CLANG_CXX_LANGUAGE_STANDARD = "gnu++17";
				CLANG_CXX_LIBRARY = "libc++";
				CLANG_ENABLE_MODULES = YES;
				CLANG_ENABLE_OBJC_ARC = YES;
				CLANG_ENABLE_OBJC_WEAK = YES;
				CLANG_WARN_BLOCK_CAPTURE_AUTORELEASING = YES;
				CLANG_WARN_BOOL_CONVERSION = YES;
				CLANG_WARN_COMMA = YES;
				CLANG_WARN_CONSTANT_CONVERSION = YES;
				CLANG_WARN_DEPRECATED_OBJC_IMPLEMENTATIONS = YES;
				CLANG_WARN_DIRECT_OBJC_ISA_USAGE = YES_ERROR;
				CLANG_WARN_DOCUMENTATION_COMMENTS = YES;
				CLANG_WARN_EMPTY_BODY = YES;
				CLANG_WARN_ENUM_CONVERSION = YES;
				CLANG_WARN_INFINITE_RECURSION = YES;
				CLANG_WARN_INT_CONVERSION = YES;
				CLANG_WARN_NON_LITERAL_NULL_CONVERSION = YES;
				CLANG_WARN_OBJC_IMPLICIT_RETAIN_SELF = YES;
				CLANG_WARN_OBJC_LITERAL_CONVERSION = YES;
				CLANG_WARN_OBJC_ROOT_CLASS = YES_ERROR;
				CLANG_WARN_QUOTED_INCLUDE_IN_FRAMEWORK_HEADER = YES;
				CLANG_WARN_RANGE_LOOP_ANALYSIS = YES;
				CLANG_WARN_STRICT_PROTOTYPES = YES;
				CLANG_WARN_SUSPICIOUS_MOVE = YES;
				CLANG_WARN_UNGUARDED_AVAILABILITY = YES_AGGRESSIVE;
				CLANG_WARN_UNREACHABLE_CODE = YES;
				CLANG_WARN__DUPLICATE_METHOD_MATCH = YES;
				COPY_PHASE_STRIP = NO;
				DEBUG_INFORMATION_FORMAT = dwarf;
				ENABLE_STRICT_OBJC_MSGSEND = YES;
				ENABLE_TESTABILITY = YES;
				GCC_C_LANGUAGE_STANDARD = gnu11;
				GCC_DYNAMIC_NO_PIC = NO;
				GCC_NO_COMMON_BLOCKS = YES;
				GCC_OPTIMIZATION_LEVEL = 0;
				GCC_PREPROCESSOR_DEFINITIONS = (
					"DEBUG=1",
					"$(inherited)",
				);
				GCC_WARN_64_TO_32_BIT_CONVERSION = YES;
				GCC_WARN_ABOUT_RETURN_TYPE = YES_ERROR;
				GCC_WARN_UNDECLARED_SELECTOR = YES;
				GCC_WARN_UNINITIALIZED_AUTOS = YES_AGGRESSIVE;
				GCC_WARN_UNUSED_FUNCTION = YES;
				GCC_WARN_UNUSED_VARIABLE = YES;
				IPHONEOS_DEPLOYMENT_TARGET = 15.0;
				MTL_ENABLE_DEBUG_INFO = INCLUDE_SOURCE;
				MTL_FAST_MATH = YES;
				ONLY_ACTIVE_ARCH = YES;
				SDKROOT = iphoneos;
				SWIFT_ACTIVE_COMPILATION_CONDITIONS = DEBUG;
				SWIFT_OPTIMIZATION_LEVEL = "-Onone";
			};
			name = Debug;
		};
		64B7453B270AA6010021AC86 /* Release */ = {
			isa = XCBuildConfiguration;
			buildSettings = {
				ALWAYS_SEARCH_USER_PATHS = NO;
				CLANG_ANALYZER_NONNULL = YES;
				CLANG_ANALYZER_NUMBER_OBJECT_CONVERSION = YES_AGGRESSIVE;
				CLANG_CXX_LANGUAGE_STANDARD = "gnu++17";
				CLANG_CXX_LIBRARY = "libc++";
				CLANG_ENABLE_MODULES = YES;
				CLANG_ENABLE_OBJC_ARC = YES;
				CLANG_ENABLE_OBJC_WEAK = YES;
				CLANG_WARN_BLOCK_CAPTURE_AUTORELEASING = YES;
				CLANG_WARN_BOOL_CONVERSION = YES;
				CLANG_WARN_COMMA = YES;
				CLANG_WARN_CONSTANT_CONVERSION = YES;
				CLANG_WARN_DEPRECATED_OBJC_IMPLEMENTATIONS = YES;
				CLANG_WARN_DIRECT_OBJC_ISA_USAGE = YES_ERROR;
				CLANG_WARN_DOCUMENTATION_COMMENTS = YES;
				CLANG_WARN_EMPTY_BODY = YES;
				CLANG_WARN_ENUM_CONVERSION = YES;
				CLANG_WARN_INFINITE_RECURSION = YES;
				CLANG_WARN_INT_CONVERSION = YES;
				CLANG_WARN_NON_LITERAL_NULL_CONVERSION = YES;
				CLANG_WARN_OBJC_IMPLICIT_RETAIN_SELF = YES;
				CLANG_WARN_OBJC_LITERAL_CONVERSION = YES;
				CLANG_WARN_OBJC_ROOT_CLASS = YES_ERROR;
				CLANG_WARN_QUOTED_INCLUDE_IN_FRAMEWORK_HEADER = YES;
				CLANG_WARN_RANGE_LOOP_ANALYSIS = YES;
				CLANG_WARN_STRICT_PROTOTYPES = YES;
				CLANG_WARN_SUSPICIOUS_MOVE = YES;
				CLANG_WARN_UNGUARDED_AVAILABILITY = YES_AGGRESSIVE;
				CLANG_WARN_UNREACHABLE_CODE = YES;
				CLANG_WARN__DUPLICATE_METHOD_MATCH = YES;
				COPY_PHASE_STRIP = NO;
				DEBUG_INFORMATION_FORMAT = "dwarf-with-dsym";
				ENABLE_NS_ASSERTIONS = NO;
				ENABLE_STRICT_OBJC_MSGSEND = YES;
				GCC_C_LANGUAGE_STANDARD = gnu11;
				GCC_NO_COMMON_BLOCKS = YES;
				GCC_WARN_64_TO_32_BIT_CONVERSION = YES;
				GCC_WARN_ABOUT_RETURN_TYPE = YES_ERROR;
				GCC_WARN_UNDECLARED_SELECTOR = YES;
				GCC_WARN_UNINITIALIZED_AUTOS = YES_AGGRESSIVE;
				GCC_WARN_UNUSED_FUNCTION = YES;
				GCC_WARN_UNUSED_VARIABLE = YES;
				IPHONEOS_DEPLOYMENT_TARGET = 15.0;
				MTL_ENABLE_DEBUG_INFO = NO;
				MTL_FAST_MATH = YES;
				SDKROOT = iphoneos;
				SWIFT_COMPILATION_MODE = wholemodule;
				SWIFT_OPTIMIZATION_LEVEL = "-O";
				VALIDATE_PRODUCT = YES;
			};
			name = Release;
		};
		64B7453D270AA6010021AC86 /* Debug */ = {
			isa = XCBuildConfiguration;
			baseConfigurationReference = D76D20A513E2FB5A2755970B /* Pods-Pathtagram.debug.xcconfig */;
			buildSettings = {
				ASSETCATALOG_COMPILER_APPICON_NAME = AppIcon;
				ASSETCATALOG_COMPILER_GLOBAL_ACCENT_COLOR_NAME = AccentColor;
				CODE_SIGN_STYLE = Automatic;
				CURRENT_PROJECT_VERSION = 1;
				GENERATE_INFOPLIST_FILE = YES;
				INFOPLIST_FILE = Pathtagram/Info.plist;
				INFOPLIST_KEY_UIApplicationSupportsIndirectInputEvents = YES;
				INFOPLIST_KEY_UILaunchStoryboardName = LaunchScreen;
				INFOPLIST_KEY_UIMainStoryboardFile = Main;
				INFOPLIST_KEY_UISupportedInterfaceOrientations_iPad = "UIInterfaceOrientationPortrait UIInterfaceOrientationPortraitUpsideDown UIInterfaceOrientationLandscapeLeft UIInterfaceOrientationLandscapeRight";
				INFOPLIST_KEY_UISupportedInterfaceOrientations_iPhone = "UIInterfaceOrientationPortrait UIInterfaceOrientationLandscapeLeft UIInterfaceOrientationLandscapeRight";
				LD_RUNPATH_SEARCH_PATHS = (
					"$(inherited)",
					"@executable_path/Frameworks",
				);
				MARKETING_VERSION = 1.0;
				PRODUCT_BUNDLE_IDENTIFIER = fangmichael11.Pathtagram;
				PRODUCT_NAME = "$(TARGET_NAME)";
				SWIFT_EMIT_LOC_STRINGS = YES;
				SWIFT_VERSION = 5.0;
				TARGETED_DEVICE_FAMILY = "1,2";
			};
			name = Debug;
		};
		64B7453E270AA6010021AC86 /* Release */ = {
			isa = XCBuildConfiguration;
			baseConfigurationReference = 640788460D08FDEEB2C1E059 /* Pods-Pathtagram.release.xcconfig */;
			buildSettings = {
				ASSETCATALOG_COMPILER_APPICON_NAME = AppIcon;
				ASSETCATALOG_COMPILER_GLOBAL_ACCENT_COLOR_NAME = AccentColor;
				CODE_SIGN_STYLE = Automatic;
				CURRENT_PROJECT_VERSION = 1;
				GENERATE_INFOPLIST_FILE = YES;
				INFOPLIST_FILE = Pathtagram/Info.plist;
				INFOPLIST_KEY_UIApplicationSupportsIndirectInputEvents = YES;
				INFOPLIST_KEY_UILaunchStoryboardName = LaunchScreen;
				INFOPLIST_KEY_UIMainStoryboardFile = Main;
				INFOPLIST_KEY_UISupportedInterfaceOrientations_iPad = "UIInterfaceOrientationPortrait UIInterfaceOrientationPortraitUpsideDown UIInterfaceOrientationLandscapeLeft UIInterfaceOrientationLandscapeRight";
				INFOPLIST_KEY_UISupportedInterfaceOrientations_iPhone = "UIInterfaceOrientationPortrait UIInterfaceOrientationLandscapeLeft UIInterfaceOrientationLandscapeRight";
				LD_RUNPATH_SEARCH_PATHS = (
					"$(inherited)",
					"@executable_path/Frameworks",
				);
				MARKETING_VERSION = 1.0;
				PRODUCT_BUNDLE_IDENTIFIER = fangmichael11.Pathtagram;
				PRODUCT_NAME = "$(TARGET_NAME)";
				SWIFT_EMIT_LOC_STRINGS = YES;
				SWIFT_VERSION = 5.0;
				TARGETED_DEVICE_FAMILY = "1,2";
			};
			name = Release;
		};
		64B74540270AA6010021AC86 /* Debug */ = {
			isa = XCBuildConfiguration;
			baseConfigurationReference = 69DF090669A0B4F02409A172 /* Pods-PathtagramTests.debug.xcconfig */;
			buildSettings = {
				ALWAYS_EMBED_SWIFT_STANDARD_LIBRARIES = YES;
				BUNDLE_LOADER = "$(TEST_HOST)";
				CODE_SIGN_STYLE = Automatic;
				CURRENT_PROJECT_VERSION = 1;
				GENERATE_INFOPLIST_FILE = YES;
				IPHONEOS_DEPLOYMENT_TARGET = 15.0;
				LD_RUNPATH_SEARCH_PATHS = (
					"$(inherited)",
					"@executable_path/Frameworks",
					"@loader_path/Frameworks",
				);
				MARKETING_VERSION = 1.0;
				PRODUCT_BUNDLE_IDENTIFIER = fangmichael11.PathtagramTests;
				PRODUCT_NAME = "$(TARGET_NAME)";
				SWIFT_EMIT_LOC_STRINGS = NO;
				SWIFT_VERSION = 5.0;
				TARGETED_DEVICE_FAMILY = "1,2";
				TEST_HOST = "$(BUILT_PRODUCTS_DIR)/Pathtagram.app/Pathtagram";
			};
			name = Debug;
		};
		64B74541270AA6010021AC86 /* Release */ = {
			isa = XCBuildConfiguration;
			baseConfigurationReference = 3578DF296E6B9FB001DF7513 /* Pods-PathtagramTests.release.xcconfig */;
			buildSettings = {
				ALWAYS_EMBED_SWIFT_STANDARD_LIBRARIES = YES;
				BUNDLE_LOADER = "$(TEST_HOST)";
				CODE_SIGN_STYLE = Automatic;
				CURRENT_PROJECT_VERSION = 1;
				GENERATE_INFOPLIST_FILE = YES;
				IPHONEOS_DEPLOYMENT_TARGET = 15.0;
				LD_RUNPATH_SEARCH_PATHS = (
					"$(inherited)",
					"@executable_path/Frameworks",
					"@loader_path/Frameworks",
				);
				MARKETING_VERSION = 1.0;
				PRODUCT_BUNDLE_IDENTIFIER = fangmichael11.PathtagramTests;
				PRODUCT_NAME = "$(TARGET_NAME)";
				SWIFT_EMIT_LOC_STRINGS = NO;
				SWIFT_VERSION = 5.0;
				TARGETED_DEVICE_FAMILY = "1,2";
				TEST_HOST = "$(BUILT_PRODUCTS_DIR)/Pathtagram.app/Pathtagram";
			};
			name = Release;
		};
		64B74543270AA6010021AC86 /* Debug */ = {
			isa = XCBuildConfiguration;
			baseConfigurationReference = 0A5D158D10DFD9AF60A85047 /* Pods-Pathtagram-PathtagramUITests.debug.xcconfig */;
			buildSettings = {
				ALWAYS_EMBED_SWIFT_STANDARD_LIBRARIES = YES;
				CODE_SIGN_STYLE = Automatic;
				CURRENT_PROJECT_VERSION = 1;
				GENERATE_INFOPLIST_FILE = YES;
				LD_RUNPATH_SEARCH_PATHS = (
					"$(inherited)",
					"@executable_path/Frameworks",
					"@loader_path/Frameworks",
				);
				MARKETING_VERSION = 1.0;
				PRODUCT_BUNDLE_IDENTIFIER = fangmichael11.PathtagramUITests;
				PRODUCT_NAME = "$(TARGET_NAME)";
				SWIFT_EMIT_LOC_STRINGS = NO;
				SWIFT_VERSION = 5.0;
				TARGETED_DEVICE_FAMILY = "1,2";
				TEST_TARGET_NAME = Pathtagram;
			};
			name = Debug;
		};
		64B74544270AA6010021AC86 /* Release */ = {
			isa = XCBuildConfiguration;
			baseConfigurationReference = EB0ABDF31A94869CA943720B /* Pods-Pathtagram-PathtagramUITests.release.xcconfig */;
			buildSettings = {
				ALWAYS_EMBED_SWIFT_STANDARD_LIBRARIES = YES;
				CODE_SIGN_STYLE = Automatic;
				CURRENT_PROJECT_VERSION = 1;
				GENERATE_INFOPLIST_FILE = YES;
				LD_RUNPATH_SEARCH_PATHS = (
					"$(inherited)",
					"@executable_path/Frameworks",
					"@loader_path/Frameworks",
				);
				MARKETING_VERSION = 1.0;
				PRODUCT_BUNDLE_IDENTIFIER = fangmichael11.PathtagramUITests;
				PRODUCT_NAME = "$(TARGET_NAME)";
				SWIFT_EMIT_LOC_STRINGS = NO;
				SWIFT_VERSION = 5.0;
				TARGETED_DEVICE_FAMILY = "1,2";
				TEST_TARGET_NAME = Pathtagram;
			};
			name = Release;
		};
/* End XCBuildConfiguration section */

/* Begin XCConfigurationList section */
		64B7450D270AA5FE0021AC86 /* Build configuration list for PBXProject "Pathtagram" */ = {
			isa = XCConfigurationList;
			buildConfigurations = (
				64B7453A270AA6010021AC86 /* Debug */,
				64B7453B270AA6010021AC86 /* Release */,
			);
			defaultConfigurationIsVisible = 0;
			defaultConfigurationName = Release;
		};
		64B7453C270AA6010021AC86 /* Build configuration list for PBXNativeTarget "Pathtagram" */ = {
			isa = XCConfigurationList;
			buildConfigurations = (
				64B7453D270AA6010021AC86 /* Debug */,
				64B7453E270AA6010021AC86 /* Release */,
			);
			defaultConfigurationIsVisible = 0;
			defaultConfigurationName = Release;
		};
		64B7453F270AA6010021AC86 /* Build configuration list for PBXNativeTarget "PathtagramTests" */ = {
			isa = XCConfigurationList;
			buildConfigurations = (
				64B74540270AA6010021AC86 /* Debug */,
				64B74541270AA6010021AC86 /* Release */,
			);
			defaultConfigurationIsVisible = 0;
			defaultConfigurationName = Release;
		};
		64B74542270AA6010021AC86 /* Build configuration list for PBXNativeTarget "PathtagramUITests" */ = {
			isa = XCConfigurationList;
			buildConfigurations = (
				64B74543270AA6010021AC86 /* Debug */,
				64B74544270AA6010021AC86 /* Release */,
			);
			defaultConfigurationIsVisible = 0;
			defaultConfigurationName = Release;
		};
/* End XCConfigurationList section */
	};
	rootObject = 64B7450A270AA5FE0021AC86 /* Project object */;
}
